
Microsoft Visual Studio Solution File, Format Version 12.00
# Visual Studio Version 16
VisualStudioVersion = 16.0.31129.286
MinimumVisualStudioVersion = 10.0.40219.1
Project("{FAE04EC0-301F-11D3-BF4B-00C04F79EFBC}") = "WargamesGUI.UWP", "WargamesGUI\WargamesGUI.UWP\WargamesGUI.UWP.csproj", "{7214E0F8-A5C1-464E-A236-AD2BC68082B3}"
EndProject
Project("{FAE04EC0-301F-11D3-BF4B-00C04F79EFBC}") = "WargamesGUI.Android", "WargamesGUI\WargamesGUI.Android\WargamesGUI.Android.csproj", "{E9FB72B2-D926-48EF-9612-6D7B32E65475}"
EndProject
Project("{FAE04EC0-301F-11D3-BF4B-00C04F79EFBC}") = "WargamesGUI.iOS", "WargamesGUI\WargamesGUI.iOS\WargamesGUI.iOS.csproj", "{A2C40B9F-163A-4DB4-AA39-D788C80F0008}"
EndProject
Project("{9A19103F-16F7-4668-BE54-9A1E7A4F7556}") = "WargamesGUI", "WargamesGUI\WargamesGUI\WargamesGUI.csproj", "{DDC69B14-7950-483C-A2CC-7A17E806D366}"
EndProject
Project("{9A19103F-16F7-4668-BE54-9A1E7A4F7556}") = "UnitTesting", "UnitTesting\UnitTesting.csproj", "{2CD25453-D55E-4DFB-B0BE-F84C7648659B}"
EndProject
Global
	GlobalSection(SolutionConfigurationPlatforms) = preSolution
		Debug|Any CPU = Debug|Any CPU
		Debug|ARM = Debug|ARM
		Debug|iPhone = Debug|iPhone
		Debug|iPhoneSimulator = Debug|iPhoneSimulator
		Debug|x64 = Debug|x64
		Debug|x86 = Debug|x86
		Release|Any CPU = Release|Any CPU
		Release|ARM = Release|ARM
		Release|iPhone = Release|iPhone
		Release|iPhoneSimulator = Release|iPhoneSimulator
		Release|x64 = Release|x64
		Release|x86 = Release|x86
	EndGlobalSection
	GlobalSection(ProjectConfigurationPlatforms) = postSolution
		{7214E0F8-A5C1-464E-A236-AD2BC68082B3}.Debug|Any CPU.ActiveCfg = Debug|x86
		{7214E0F8-A5C1-464E-A236-AD2BC68082B3}.Debug|Any CPU.Build.0 = Debug|x86
		{7214E0F8-A5C1-464E-A236-AD2BC68082B3}.Debug|Any CPU.Deploy.0 = Debug|x86
		{7214E0F8-A5C1-464E-A236-AD2BC68082B3}.Debug|ARM.ActiveCfg = Debug|ARM
		{7214E0F8-A5C1-464E-A236-AD2BC68082B3}.Debug|ARM.Build.0 = Debug|ARM
		{7214E0F8-A5C1-464E-A236-AD2BC68082B3}.Debug|ARM.Deploy.0 = Debug|ARM
		{7214E0F8-A5C1-464E-A236-AD2BC68082B3}.Debug|iPhone.ActiveCfg = Debug|x86
		{7214E0F8-A5C1-464E-A236-AD2BC68082B3}.Debug|iPhone.Build.0 = Debug|x86
		{7214E0F8-A5C1-464E-A236-AD2BC68082B3}.Debug|iPhone.Deploy.0 = Debug|x86
		{7214E0F8-A5C1-464E-A236-AD2BC68082B3}.Debug|iPhoneSimulator.ActiveCfg = Debug|x86
		{7214E0F8-A5C1-464E-A236-AD2BC68082B3}.Debug|iPhoneSimulator.Build.0 = Debug|x86
		{7214E0F8-A5C1-464E-A236-AD2BC68082B3}.Debug|iPhoneSimulator.Deploy.0 = Debug|x86
		{7214E0F8-A5C1-464E-A236-AD2BC68082B3}.Debug|x64.ActiveCfg = Debug|x64
		{7214E0F8-A5C1-464E-A236-AD2BC68082B3}.Debug|x64.Build.0 = Debug|x64
		{7214E0F8-A5C1-464E-A236-AD2BC68082B3}.Debug|x64.Deploy.0 = Debug|x64
		{7214E0F8-A5C1-464E-A236-AD2BC68082B3}.Debug|x86.ActiveCfg = Debug|x86
		{7214E0F8-A5C1-464E-A236-AD2BC68082B3}.Debug|x86.Build.0 = Debug|x86
		{7214E0F8-A5C1-464E-A236-AD2BC68082B3}.Debug|x86.Deploy.0 = Debug|x86
		{7214E0F8-A5C1-464E-A236-AD2BC68082B3}.Release|Any CPU.ActiveCfg = Release|x86
		{7214E0F8-A5C1-464E-A236-AD2BC68082B3}.Release|Any CPU.Build.0 = Release|x86
		{7214E0F8-A5C1-464E-A236-AD2BC68082B3}.Release|Any CPU.Deploy.0 = Release|x86
		{7214E0F8-A5C1-464E-A236-AD2BC68082B3}.Release|ARM.ActiveCfg = Release|ARM
		{7214E0F8-A5C1-464E-A236-AD2BC68082B3}.Release|ARM.Build.0 = Release|ARM
		{7214E0F8-A5C1-464E-A236-AD2BC68082B3}.Release|ARM.Deploy.0 = Release|ARM
		{7214E0F8-A5C1-464E-A236-AD2BC68082B3}.Release|iPhone.ActiveCfg = Release|x86
		{7214E0F8-A5C1-464E-A236-AD2BC68082B3}.Release|iPhone.Build.0 = Release|x86
		{7214E0F8-A5C1-464E-A236-AD2BC68082B3}.Release|iPhone.Deploy.0 = Release|x86
		{7214E0F8-A5C1-464E-A236-AD2BC68082B3}.Release|iPhoneSimulator.ActiveCfg = Release|x86
		{7214E0F8-A5C1-464E-A236-AD2BC68082B3}.Release|iPhoneSimulator.Build.0 = Release|x86
		{7214E0F8-A5C1-464E-A236-AD2BC68082B3}.Release|iPhoneSimulator.Deploy.0 = Release|x86
		{7214E0F8-A5C1-464E-A236-AD2BC68082B3}.Release|x64.ActiveCfg = Release|x64
		{7214E0F8-A5C1-464E-A236-AD2BC68082B3}.Release|x64.Build.0 = Release|x64
		{7214E0F8-A5C1-464E-A236-AD2BC68082B3}.Release|x64.Deploy.0 = Release|x64
		{7214E0F8-A5C1-464E-A236-AD2BC68082B3}.Release|x86.ActiveCfg = Release|x86
		{7214E0F8-A5C1-464E-A236-AD2BC68082B3}.Release|x86.Build.0 = Release|x86
		{7214E0F8-A5C1-464E-A236-AD2BC68082B3}.Release|x86.Deploy.0 = Release|x86
		{E9FB72B2-D926-48EF-9612-6D7B32E65475}.Debug|Any CPU.ActiveCfg = Debug|Any CPU
		{E9FB72B2-D926-48EF-9612-6D7B32E65475}.Debug|Any CPU.Build.0 = Debug|Any CPU
		{E9FB72B2-D926-48EF-9612-6D7B32E65475}.Debug|Any CPU.Deploy.0 = Debug|Any CPU
		{E9FB72B2-D926-48EF-9612-6D7B32E65475}.Debug|ARM.ActiveCfg = Debug|Any CPU
		{E9FB72B2-D926-48EF-9612-6D7B32E65475}.Debug|ARM.Build.0 = Debug|Any CPU
		{E9FB72B2-D926-48EF-9612-6D7B32E65475}.Debug|ARM.Deploy.0 = Debug|Any CPU
		{E9FB72B2-D926-48EF-9612-6D7B32E65475}.Debug|iPhone.ActiveCfg = Debug|Any CPU
		{E9FB72B2-D926-48EF-9612-6D7B32E65475}.Debug|iPhone.Build.0 = Debug|Any CPU
		{E9FB72B2-D926-48EF-9612-6D7B32E65475}.Debug|iPhone.Deploy.0 = Debug|Any CPU
		{E9FB72B2-D926-48EF-9612-6D7B32E65475}.Debug|iPhoneSimulator.ActiveCfg = Debug|Any CPU
		{E9FB72B2-D926-48EF-9612-6D7B32E65475}.Debug|iPhoneSimulator.Build.0 = Debug|Any CPU
		{E9FB72B2-D926-48EF-9612-6D7B32E65475}.Debug|iPhoneSimulator.Deploy.0 = Debug|Any CPU
		{E9FB72B2-D926-48EF-9612-6D7B32E65475}.Debug|x64.ActiveCfg = Debug|Any CPU
		{E9FB72B2-D926-48EF-9612-6D7B32E65475}.Debug|x64.Build.0 = Debug|Any CPU
		{E9FB72B2-D926-48EF-9612-6D7B32E65475}.Debug|x64.Deploy.0 = Debug|Any CPU
		{E9FB72B2-D926-48EF-9612-6D7B32E65475}.Debug|x86.ActiveCfg = Debug|Any CPU
		{E9FB72B2-D926-48EF-9612-6D7B32E65475}.Debug|x86.Build.0 = Debug|Any CPU
		{E9FB72B2-D926-48EF-9612-6D7B32E65475}.Debug|x86.Deploy.0 = Debug|Any CPU
		{E9FB72B2-D926-48EF-9612-6D7B32E65475}.Release|Any CPU.ActiveCfg = Release|Any CPU
		{E9FB72B2-D926-48EF-9612-6D7B32E65475}.Release|Any CPU.Build.0 = Release|Any CPU
		{E9FB72B2-D926-48EF-9612-6D7B32E65475}.Release|Any CPU.Deploy.0 = Release|Any CPU
		{E9FB72B2-D926-48EF-9612-6D7B32E65475}.Release|ARM.ActiveCfg = Release|Any CPU
		{E9FB72B2-D926-48EF-9612-6D7B32E65475}.Release|ARM.Build.0 = Release|Any CPU
		{E9FB72B2-D926-48EF-9612-6D7B32E65475}.Release|ARM.Deploy.0 = Release|Any CPU
		{E9FB72B2-D926-48EF-9612-6D7B32E65475}.Release|iPhone.ActiveCfg = Release|Any CPU
		{E9FB72B2-D926-48EF-9612-6D7B32E65475}.Release|iPhone.Build.0 = Release|Any CPU
		{E9FB72B2-D926-48EF-9612-6D7B32E65475}.Release|iPhone.Deploy.0 = Release|Any CPU
		{E9FB72B2-D926-48EF-9612-6D7B32E65475}.Release|iPhoneSimulator.ActiveCfg = Release|Any CPU
		{E9FB72B2-D926-48EF-9612-6D7B32E65475}.Release|iPhoneSimulator.Build.0 = Release|Any CPU
		{E9FB72B2-D926-48EF-9612-6D7B32E65475}.Release|iPhoneSimulator.Deploy.0 = Release|Any CPU
		{E9FB72B2-D926-48EF-9612-6D7B32E65475}.Release|x64.ActiveCfg = Release|Any CPU
		{E9FB72B2-D926-48EF-9612-6D7B32E65475}.Release|x64.Build.0 = Release|Any CPU
		{E9FB72B2-D926-48EF-9612-6D7B32E65475}.Release|x64.Deploy.0 = Release|Any CPU
		{E9FB72B2-D926-48EF-9612-6D7B32E65475}.Release|x86.ActiveCfg = Release|Any CPU
		{E9FB72B2-D926-48EF-9612-6D7B32E65475}.Release|x86.Build.0 = Release|Any CPU
		{E9FB72B2-D926-48EF-9612-6D7B32E65475}.Release|x86.Deploy.0 = Release|Any CPU
		{A2C40B9F-163A-4DB4-AA39-D788C80F0008}.Debug|Any CPU.ActiveCfg = Debug|iPhoneSimulator
		{A2C40B9F-163A-4DB4-AA39-D788C80F0008}.Debug|Any CPU.Build.0 = Debug|iPhoneSimulator
		{A2C40B9F-163A-4DB4-AA39-D788C80F0008}.Debug|Any CPU.Deploy.0 = Debug|iPhoneSimulator
		{A2C40B9F-163A-4DB4-AA39-D788C80F0008}.Debug|ARM.ActiveCfg = Debug|iPhone
		{A2C40B9F-163A-4DB4-AA39-D788C80F0008}.Debug|ARM.Build.0 = Debug|iPhone
		{A2C40B9F-163A-4DB4-AA39-D788C80F0008}.Debug|ARM.Deploy.0 = Debug|iPhone
		{A2C40B9F-163A-4DB4-AA39-D788C80F0008}.Debug|iPhone.ActiveCfg = Debug|iPhone
		{A2C40B9F-163A-4DB4-AA39-D788C80F0008}.Debug|iPhone.Build.0 = Debug|iPhone
		{A2C40B9F-163A-4DB4-AA39-D788C80F0008}.Debug|iPhone.Deploy.0 = Debug|iPhone
		{A2C40B9F-163A-4DB4-AA39-D788C80F0008}.Debug|iPhoneSimulator.ActiveCfg = Debug|iPhoneSimulator
		{A2C40B9F-163A-4DB4-AA39-D788C80F0008}.Debug|iPhoneSimulator.Build.0 = Debug|iPhoneSimulator
		{A2C40B9F-163A-4DB4-AA39-D788C80F0008}.Debug|iPhoneSimulator.Deploy.0 = Debug|iPhoneSimulator
		{A2C40B9F-163A-4DB4-AA39-D788C80F0008}.Debug|x64.ActiveCfg = Debug|iPhoneSimulator
		{A2C40B9F-163A-4DB4-AA39-D788C80F0008}.Debug|x64.Build.0 = Debug|iPhoneSimulator
		{A2C40B9F-163A-4DB4-AA39-D788C80F0008}.Debug|x64.Deploy.0 = Debug|iPhoneSimulator
		{A2C40B9F-163A-4DB4-AA39-D788C80F0008}.Debug|x86.ActiveCfg = Debug|iPhoneSimulator
		{A2C40B9F-163A-4DB4-AA39-D788C80F0008}.Debug|x86.Build.0 = Debug|iPhoneSimulator
		{A2C40B9F-163A-4DB4-AA39-D788C80F0008}.Debug|x86.Deploy.0 = Debug|iPhoneSimulator
		{A2C40B9F-163A-4DB4-AA39-D788C80F0008}.Release|Any CPU.ActiveCfg = Release|iPhoneSimulator
		{A2C40B9F-163A-4DB4-AA39-D788C80F0008}.Release|Any CPU.Build.0 = Release|iPhoneSimulator
		{A2C40B9F-163A-4DB4-AA39-D788C80F0008}.Release|Any CPU.Deploy.0 = Release|iPhoneSimulator
		{A2C40B9F-163A-4DB4-AA39-D788C80F0008}.Release|ARM.ActiveCfg = Release|iPhoneSimulator
		{A2C40B9F-163A-4DB4-AA39-D788C80F0008}.Release|ARM.Build.0 = Release|iPhoneSimulator
		{A2C40B9F-163A-4DB4-AA39-D788C80F0008}.Release|ARM.Deploy.0 = Release|iPhoneSimulator
		{A2C40B9F-163A-4DB4-AA39-D788C80F0008}.Release|iPhone.ActiveCfg = Release|iPhone
		{A2C40B9F-163A-4DB4-AA39-D788C80F0008}.Release|iPhone.Build.0 = Release|iPhone
		{A2C40B9F-163A-4DB4-AA39-D788C80F0008}.Release|iPhone.Deploy.0 = Release|iPhone
		{A2C40B9F-163A-4DB4-AA39-D788C80F0008}.Release|iPhoneSimulator.ActiveCfg = Release|iPhoneSimulator
		{A2C40B9F-163A-4DB4-AA39-D788C80F0008}.Release|iPhoneSimulator.Build.0 = Release|iPhoneSimulator
		{A2C40B9F-163A-4DB4-AA39-D788C80F0008}.Release|iPhoneSimulator.Deploy.0 = Release|iPhoneSimulator
		{A2C40B9F-163A-4DB4-AA39-D788C80F0008}.Release|x64.ActiveCfg = Release|iPhoneSimulator
		{A2C40B9F-163A-4DB4-AA39-D788C80F0008}.Release|x64.Build.0 = Release|iPhoneSimulator
		{A2C40B9F-163A-4DB4-AA39-D788C80F0008}.Release|x64.Deploy.0 = Release|iPhoneSimulator
		{A2C40B9F-163A-4DB4-AA39-D788C80F0008}.Release|x86.ActiveCfg = Release|iPhoneSimulator
		{A2C40B9F-163A-4DB4-AA39-D788C80F0008}.Release|x86.Build.0 = Release|iPhoneSimulator
		{A2C40B9F-163A-4DB4-AA39-D788C80F0008}.Release|x86.Deploy.0 = Release|iPhoneSimulator
		{DDC69B14-7950-483C-A2CC-7A17E806D366}.Debug|Any CPU.ActiveCfg = Debug|Any CPU
		{DDC69B14-7950-483C-A2CC-7A17E806D366}.Debug|Any CPU.Build.0 = Debug|Any CPU
		{DDC69B14-7950-483C-A2CC-7A17E806D366}.Debug|Any CPU.Deploy.0 = Debug|Any CPU
		{DDC69B14-7950-483C-A2CC-7A17E806D366}.Debug|ARM.ActiveCfg = Debug|Any CPU
		{DDC69B14-7950-483C-A2CC-7A17E806D366}.Debug|ARM.Build.0 = Debug|Any CPU
		{DDC69B14-7950-483C-A2CC-7A17E806D366}.Debug|ARM.Deploy.0 = Debug|Any CPU
		{DDC69B14-7950-483C-A2CC-7A17E806D366}.Debug|iPhone.ActiveCfg = Debug|Any CPU
		{DDC69B14-7950-483C-A2CC-7A17E806D366}.Debug|iPhone.Build.0 = Debug|Any CPU
		{DDC69B14-7950-483C-A2CC-7A17E806D366}.Debug|iPhone.Deploy.0 = Debug|Any CPU
		{DDC69B14-7950-483C-A2CC-7A17E806D366}.Debug|iPhoneSimulator.ActiveCfg = Debug|Any CPU
		{DDC69B14-7950-483C-A2CC-7A17E806D366}.Debug|iPhoneSimulator.Build.0 = Debug|Any CPU
		{DDC69B14-7950-483C-A2CC-7A17E806D366}.Debug|iPhoneSimulator.Deploy.0 = Debug|Any CPU
		{DDC69B14-7950-483C-A2CC-7A17E806D366}.Debug|x64.ActiveCfg = Debug|Any CPU
		{DDC69B14-7950-483C-A2CC-7A17E806D366}.Debug|x64.Build.0 = Debug|Any CPU
		{DDC69B14-7950-483C-A2CC-7A17E806D366}.Debug|x64.Deploy.0 = Debug|Any CPU
		{DDC69B14-7950-483C-A2CC-7A17E806D366}.Debug|x86.ActiveCfg = Debug|Any CPU
		{DDC69B14-7950-483C-A2CC-7A17E806D366}.Debug|x86.Build.0 = Debug|Any CPU
		{DDC69B14-7950-483C-A2CC-7A17E806D366}.Debug|x86.Deploy.0 = Debug|Any CPU
		{DDC69B14-7950-483C-A2CC-7A17E806D366}.Release|Any CPU.ActiveCfg = Release|Any CPU
		{DDC69B14-7950-483C-A2CC-7A17E806D366}.Release|Any CPU.Build.0 = Release|Any CPU
		{DDC69B14-7950-483C-A2CC-7A17E806D366}.Release|Any CPU.Deploy.0 = Release|Any CPU
		{DDC69B14-7950-483C-A2CC-7A17E806D366}.Release|ARM.ActiveCfg = Release|Any CPU
		{DDC69B14-7950-483C-A2CC-7A17E806D366}.Release|ARM.Build.0 = Release|Any CPU
		{DDC69B14-7950-483C-A2CC-7A17E806D366}.Release|ARM.Deploy.0 = Release|Any CPU
		{DDC69B14-7950-483C-A2CC-7A17E806D366}.Release|iPhone.ActiveCfg = Release|Any CPU
		{DDC69B14-7950-483C-A2CC-7A17E806D366}.Release|iPhone.Build.0 = Release|Any CPU
		{DDC69B14-7950-483C-A2CC-7A17E806D366}.Release|iPhone.Deploy.0 = Release|Any CPU
		{DDC69B14-7950-483C-A2CC-7A17E806D366}.Release|iPhoneSimulator.ActiveCfg = Release|Any CPU
		{DDC69B14-7950-483C-A2CC-7A17E806D366}.Release|iPhoneSimulator.Build.0 = Release|Any CPU
		{DDC69B14-7950-483C-A2CC-7A17E806D366}.Release|iPhoneSimulator.Deploy.0 = Release|Any CPU
		{DDC69B14-7950-483C-A2CC-7A17E806D366}.Release|x64.ActiveCfg = Release|Any CPU
		{DDC69B14-7950-483C-A2CC-7A17E806D366}.Release|x64.Build.0 = Release|Any CPU
		{DDC69B14-7950-483C-A2CC-7A17E806D366}.Release|x64.Deploy.0 = Release|Any CPU
		{DDC69B14-7950-483C-A2CC-7A17E806D366}.Release|x86.ActiveCfg = Release|Any CPU
		{DDC69B14-7950-483C-A2CC-7A17E806D366}.Release|x86.Build.0 = Release|Any CPU
		{DDC69B14-7950-483C-A2CC-7A17E806D366}.Release|x86.Deploy.0 = Release|Any CPU
		{2CD25453-D55E-4DFB-B0BE-F84C7648659B}.Debug|Any CPU.ActiveCfg = Debug|Any CPU
		{2CD25453-D55E-4DFB-B0BE-F84C7648659B}.Debug|Any CPU.Build.0 = Debug|Any CPU
		{2CD25453-D55E-4DFB-B0BE-F84C7648659B}.Debug|ARM.ActiveCfg = Debug|Any CPU
		{2CD25453-D55E-4DFB-B0BE-F84C7648659B}.Debug|ARM.Build.0 = Debug|Any CPU
		{2CD25453-D55E-4DFB-B0BE-F84C7648659B}.Debug|iPhone.ActiveCfg = Debug|Any CPU
		{2CD25453-D55E-4DFB-B0BE-F84C7648659B}.Debug|iPhone.Build.0 = Debug|Any CPU
		{2CD25453-D55E-4DFB-B0BE-F84C7648659B}.Debug|iPhoneSimulator.ActiveCfg = Debug|Any CPU
		{2CD25453-D55E-4DFB-B0BE-F84C7648659B}.Debug|iPhoneSimulator.Build.0 = Debug|Any CPU
		{2CD25453-D55E-4DFB-B0BE-F84C7648659B}.Debug|x64.ActiveCfg = Debug|Any CPU
		{2CD25453-D55E-4DFB-B0BE-F84C7648659B}.Debug|x64.Build.0 = Debug|Any CPU
		{2CD25453-D55E-4DFB-B0BE-F84C7648659B}.Debug|x86.ActiveCfg = Debug|Any CPU
		{2CD25453-D55E-4DFB-B0BE-F84C7648659B}.Debug|x86.Build.0 = Debug|Any CPU
		{2CD25453-D55E-4DFB-B0BE-F84C7648659B}.Release|Any CPU.ActiveCfg = Release|Any CPU
		{2CD25453-D55E-4DFB-B0BE-F84C7648659B}.Release|Any CPU.Build.0 = Release|Any CPU
		{2CD25453-D55E-4DFB-B0BE-F84C7648659B}.Release|ARM.ActiveCfg = Release|Any CPU
		{2CD25453-D55E-4DFB-B0BE-F84C7648659B}.Release|ARM.Build.0 = Release|Any CPU
		{2CD25453-D55E-4DFB-B0BE-F84C7648659B}.Release|iPhone.ActiveCfg = Release|Any CPU
		{2CD25453-D55E-4DFB-B0BE-F84C7648659B}.Release|iPhone.Build.0 = Release|Any CPU
		{2CD25453-D55E-4DFB-B0BE-F84C7648659B}.Release|iPhoneSimulator.ActiveCfg = Release|Any CPU
		{2CD25453-D55E-4DFB-B0BE-F84C7648659B}.Release|iPhoneSimulator.Build.0 = Release|Any CPU
		{2CD25453-D55E-4DFB-B0BE-F84C7648659B}.Release|x64.ActiveCfg = Release|Any CPU
		{2CD25453-D55E-4DFB-B0BE-F84C7648659B}.Release|x64.Build.0 = Release|Any CPU
		{2CD25453-D55E-4DFB-B0BE-F84C7648659B}.Release|x86.ActiveCfg = Release|Any CPU
		{2CD25453-D55E-4DFB-B0BE-F84C7648659B}.Release|x86.Build.0 = Release|Any CPU
	EndGlobalSection
	GlobalSection(SolutionProperties) = preSolution
		HideSolutionNode = FALSE
	EndGlobalSection
	GlobalSection(ExtensibilityGlobals) = postSolution
		SolutionGuid = {EE177747-5B1F-4F5C-8980-3E0F23EDFC1D}
	EndGlobalSection
EndGlobal
